
Microsoft Visual Studio Solution File, Format Version 12.00
# Visual Studio Version 17
VisualStudioVersion = 17.11.35327.3
MinimumVisualStudioVersion = 10.0.40219.1
Project("{FAE04EC0-301F-11D3-BF4B-00C04F79EFBC}") = "PRCSchd", "PRCSchd\PRCSchd.csproj", "{308988E9-04C6-40E5-9E64-0046C92A446C}"
EndProject
Global
	GlobalSection(SolutionConfigurationPlatforms) = preSolution
		Debug|Any CPU = Debug|Any CPU
		Release|Any CPU = Release|Any CPU
	EndGlobalSection
	GlobalSection(ProjectConfigurationPlatforms) = postSolution
		{308988E9-04C6-40E5-9E64-0046C92A446C}.Debug|Any CPU.ActiveCfg = Debug|Any CPU
		{308988E9-04C6-40E5-9E64-0046C92A446C}.Debug|Any CPU.Build.0 = Debug|Any CPU
		{308988E9-04C6-40E5-9E64-0046C92A446C}.Release|Any CPU.ActiveCfg = Release|Any CPU
		{308988E9-04C6-40E5-9E64-0046C92A446C}.Release|Any CPU.Build.0 = Release|Any CPU
	EndGlobalSection
	GlobalSection(SolutionProperties) = preSolution
		HideSolutionNode = FALSE
	EndGlobalSection
	GlobalSection(ExtensibilityGlobals) = postSolution
		SolutionGuid = {EBBE338C-45B9-40CD-A240-B627EE0B510B}
	EndGlobalSection
EndGlobal
